lockfileVersion: '9.0'

settings:
  autoInstallPeers: true
  excludeLinksFromLockfile: false

importers:

  .:
    devDependencies:
      '@types/node':
        specifier: ^24.10.1
        version: 24.10.1
      node-addon-api:
        specifier: ^8.5.0
        version: 8.5.0
      node-api-headers:
        specifier: ^1.6.0
        version: 1.6.0

packages:

  '@types/node@24.10.1':
    resolution: {integrity: sha512-GNWcUTRBgIRJD5zj+Tq0fKOJ5XZajIiBroOF0yvj2bSU1WvNdYS/dn9UxwsujGW4JX06dnHyjV2y9rRaybH0iQ==}

  node-addon-api@8.5.0:
    resolution: {integrity: sha512-/bRZty2mXUIFY/xU5HLvveNHlswNJej+RnxBjOMkidWfwZzgTbPG1E3K5TOxRLOR+5hX7bSofy8yf1hZevMS8A==}
    engines: {node: ^18 || ^20 || >= 21}

  node-api-headers@1.6.0:
    resolution: {integrity: sha512-81T99+mWLZnxX0LlZPYuafyFlxVVaWKQ0BDAbSrOqLO+v+gzCzu0GTAVNeVK8lucqjqo9L/1UcK9cpkem8Py4Q==}

  undici-types@7.16.0:
    resolution: {integrity: sha512-Zz+aZWSj8LE6zoxD+xrjh4VfkIG8Ya6LvYkZqtUQGJPZjYl53ypCaUwWqo7eI0x66KBGeRo+mlBEkMSeSZ38Nw==}

snapshots:

  '@types/node@24.10.1':
    dependencies:
      undici-types: 7.16.0

  node-addon-api@8.5.0: {}

  node-api-headers@1.6.0: {}

  undici-types@7.16.0: {}
